
Microsoft Visual Studio Solution File, Format Version 12.00
# Visual Studio Version 17
VisualStudioVersion = 17.0.32014.148
MinimumVisualStudioVersion = 10.0.40219.1
Project("{2150E333-8FDC-42A3-9474-1A3956D46DE8}") = "src", "src", "{03DF2AA7-5976-423C-8E84-DB52E644B7AD}"
EndProject
Project("{FAE04EC0-301F-11D3-BF4B-00C04F79EFBC}") = "UdemyAuthServer.API", "src\UdemyAuthServer.API\UdemyAuthServer.API.csproj", "{296A38B7-93B7-444E-B112-1635C6E04637}"
EndProject
Project("{2150E333-8FDC-42A3-9474-1A3956D46DE8}") = "Library", "Library", "{33712D38-C9A2-4E19-93C5-C2F35066CDF0}"
EndProject
Project("{FAE04EC0-301F-11D3-BF4B-00C04F79EFBC}") = "UdemyAuthServer.Core", "src\Library\UdemyAuthServer.Core\UdemyAuthServer.Core.csproj", "{EDE1A14A-6883-4B3F-92C3-CEBE420447D5}"
EndProject
Project("{FAE04EC0-301F-11D3-BF4B-00C04F79EFBC}") = "UdemyAuthServer.Data", "src\Library\UdemyAuthServer.Data\UdemyAuthServer.Data.csproj", "{3D8BF6A7-A968-4D10-B385-03ACE87FF34F}"
EndProject
Project("{FAE04EC0-301F-11D3-BF4B-00C04F79EFBC}") = "UdemyAuthServer.Service", "src\Library\UdemyAuthServer.Service\UdemyAuthServer.Service.csproj", "{D7CE5003-285D-40AE-9E81-131AC029C883}"
EndProject
Project("{FAE04EC0-301F-11D3-BF4B-00C04F79EFBC}") = "MiniApp1.API", "src\MiniApp1.API\MiniApp1.API.csproj", "{F38968DC-C17E-428E-8668-8BAB71EF3AFF}"
EndProject
Project("{FAE04EC0-301F-11D3-BF4B-00C04F79EFBC}") = "MiniApp2.API", "src\MiniApp2.API\MiniApp2.API.csproj", "{302674B3-8B72-4825-ADC8-007B870C96D0}"
EndProject
Project("{FAE04EC0-301F-11D3-BF4B-00C04F79EFBC}") = "MiniApp3.API", "src\MiniApp3.API\MiniApp3.API.csproj", "{EF4E3699-DA44-4B1D-BA74-2C4A926F0320}"
EndProject
Project("{FAE04EC0-301F-11D3-BF4B-00C04F79EFBC}") = "SharedLibrary", "src\Library\SharedLibrary\SharedLibrary.csproj", "{ACFE1002-E994-4813-8B4B-9C909CCB213F}"
EndProject
Global
	GlobalSection(SolutionConfigurationPlatforms) = preSolution
		Debug|Any CPU = Debug|Any CPU
		Release|Any CPU = Release|Any CPU
	EndGlobalSection
	GlobalSection(ProjectConfigurationPlatforms) = postSolution
		{296A38B7-93B7-444E-B112-1635C6E04637}.Debug|Any CPU.ActiveCfg = Debug|Any CPU
		{296A38B7-93B7-444E-B112-1635C6E04637}.Debug|Any CPU.Build.0 = Debug|Any CPU
		{296A38B7-93B7-444E-B112-1635C6E04637}.Release|Any CPU.ActiveCfg = Release|Any CPU
		{296A38B7-93B7-444E-B112-1635C6E04637}.Release|Any CPU.Build.0 = Release|Any CPU
		{EDE1A14A-6883-4B3F-92C3-CEBE420447D5}.Debug|Any CPU.ActiveCfg = Debug|Any CPU
		{EDE1A14A-6883-4B3F-92C3-CEBE420447D5}.Debug|Any CPU.Build.0 = Debug|Any CPU
		{EDE1A14A-6883-4B3F-92C3-CEBE420447D5}.Release|Any CPU.ActiveCfg = Release|Any CPU
		{EDE1A14A-6883-4B3F-92C3-CEBE420447D5}.Release|Any CPU.Build.0 = Release|Any CPU
		{3D8BF6A7-A968-4D10-B385-03ACE87FF34F}.Debug|Any CPU.ActiveCfg = Debug|Any CPU
		{3D8BF6A7-A968-4D10-B385-03ACE87FF34F}.Debug|Any CPU.Build.0 = Debug|Any CPU
		{3D8BF6A7-A968-4D10-B385-03ACE87FF34F}.Release|Any CPU.ActiveCfg = Release|Any CPU
		{3D8BF6A7-A968-4D10-B385-03ACE87FF34F}.Release|Any CPU.Build.0 = Release|Any CPU
		{D7CE5003-285D-40AE-9E81-131AC029C883}.Debug|Any CPU.ActiveCfg = Debug|Any CPU
		{D7CE5003-285D-40AE-9E81-131AC029C883}.Debug|Any CPU.Build.0 = Debug|Any CPU
		{D7CE5003-285D-40AE-9E81-131AC029C883}.Release|Any CPU.ActiveCfg = Release|Any CPU
		{D7CE5003-285D-40AE-9E81-131AC029C883}.Release|Any CPU.Build.0 = Release|Any CPU
		{F38968DC-C17E-428E-8668-8BAB71EF3AFF}.Debug|Any CPU.ActiveCfg = Debug|Any CPU
		{F38968DC-C17E-428E-8668-8BAB71EF3AFF}.Debug|Any CPU.Build.0 = Debug|Any CPU
		{F38968DC-C17E-428E-8668-8BAB71EF3AFF}.Release|Any CPU.ActiveCfg = Release|Any CPU
		{F38968DC-C17E-428E-8668-8BAB71EF3AFF}.Release|Any CPU.Build.0 = Release|Any CPU
		{302674B3-8B72-4825-ADC8-007B870C96D0}.Debug|Any CPU.ActiveCfg = Debug|Any CPU
		{302674B3-8B72-4825-ADC8-007B870C96D0}.Debug|Any CPU.Build.0 = Debug|Any CPU
		{302674B3-8B72-4825-ADC8-007B870C96D0}.Release|Any CPU.ActiveCfg = Release|Any CPU
		{302674B3-8B72-4825-ADC8-007B870C96D0}.Release|Any CPU.Build.0 = Release|Any CPU
		{EF4E3699-DA44-4B1D-BA74-2C4A926F0320}.Debug|Any CPU.ActiveCfg = Debug|Any CPU
		{EF4E3699-DA44-4B1D-BA74-2C4A926F0320}.Debug|Any CPU.Build.0 = Debug|Any CPU
		{EF4E3699-DA44-4B1D-BA74-2C4A926F0320}.Release|Any CPU.ActiveCfg = Release|Any CPU
		{EF4E3699-DA44-4B1D-BA74-2C4A926F0320}.Release|Any CPU.Build.0 = Release|Any CPU
		{ACFE1002-E994-4813-8B4B-9C909CCB213F}.Debug|Any CPU.ActiveCfg = Debug|Any CPU
		{ACFE1002-E994-4813-8B4B-9C909CCB213F}.Debug|Any CPU.Build.0 = Debug|Any CPU
		{ACFE1002-E994-4813-8B4B-9C909CCB213F}.Release|Any CPU.ActiveCfg = Release|Any CPU
		{ACFE1002-E994-4813-8B4B-9C909CCB213F}.Release|Any CPU.Build.0 = Release|Any CPU
	EndGlobalSection
	GlobalSection(SolutionProperties) = preSolution
		HideSolutionNode = FALSE
	EndGlobalSection
	GlobalSection(NestedProjects) = preSolution
		{296A38B7-93B7-444E-B112-1635C6E04637} = {03DF2AA7-5976-423C-8E84-DB52E644B7AD}
		{33712D38-C9A2-4E19-93C5-C2F35066CDF0} = {03DF2AA7-5976-423C-8E84-DB52E644B7AD}
		{EDE1A14A-6883-4B3F-92C3-CEBE420447D5} = {33712D38-C9A2-4E19-93C5-C2F35066CDF0}
		{3D8BF6A7-A968-4D10-B385-03ACE87FF34F} = {33712D38-C9A2-4E19-93C5-C2F35066CDF0}
		{D7CE5003-285D-40AE-9E81-131AC029C883} = {33712D38-C9A2-4E19-93C5-C2F35066CDF0}
		{F38968DC-C17E-428E-8668-8BAB71EF3AFF} = {03DF2AA7-5976-423C-8E84-DB52E644B7AD}
		{302674B3-8B72-4825-ADC8-007B870C96D0} = {03DF2AA7-5976-423C-8E84-DB52E644B7AD}
		{EF4E3699-DA44-4B1D-BA74-2C4A926F0320} = {03DF2AA7-5976-423C-8E84-DB52E644B7AD}
		{ACFE1002-E994-4813-8B4B-9C909CCB213F} = {33712D38-C9A2-4E19-93C5-C2F35066CDF0}
	EndGlobalSection
	GlobalSection(ExtensibilityGlobals) = postSolution
		SolutionGuid = {31B630D6-FECB-4A5E-BA59-0363050142C6}
	EndGlobalSection
EndGlobal
